
Microsoft Visual Studio Solution File, Format Version 12.00
# Visual Studio Version 16
VisualStudioVersion = 16.0.30804.86
MinimumVisualStudioVersion = 10.0.40219.1
Project("{FAE04EC0-301F-11D3-BF4B-00C04F79EFBC}") = "Sustav za kriptiranje i dekriptiranje", "Sustav za kriptiranje i dekriptiranje\Sustav za kriptiranje i dekriptiranje.csproj", "{B3259FAC-FC3A-403A-B72D-3BB8E22C160E}"
EndProject
Global
	GlobalSection(SolutionConfigurationPlatforms) = preSolution
		Debug|Any CPU = Debug|Any CPU
		Release|Any CPU = Release|Any CPU
	EndGlobalSection
	GlobalSection(ProjectConfigurationPlatforms) = postSolution
		{B3259FAC-FC3A-403A-B72D-3BB8E22C160E}.Debug|Any CPU.ActiveCfg = Debug|Any CPU
		{B3259FAC-FC3A-403A-B72D-3BB8E22C160E}.Debug|Any CPU.Build.0 = Debug|Any CPU
		{B3259FAC-FC3A-403A-B72D-3BB8E22C160E}.Release|Any CPU.ActiveCfg = Release|Any CPU
		{B3259FAC-FC3A-403A-B72D-3BB8E22C160E}.Release|Any CPU.Build.0 = Release|Any CPU
	EndGlobalSection
	GlobalSection(SolutionProperties) = preSolution
		HideSolutionNode = FALSE
	EndGlobalSection
	GlobalSection(ExtensibilityGlobals) = postSolution
		SolutionGuid = {BECD02E3-DA99-4A59-BF2D-70203539CD3F}
	EndGlobalSection
EndGlobal
